
Microsoft Visual Studio Solution File, Format Version 12.00
# Visual Studio Version 17
VisualStudioVersion = 17.3.32825.248
MinimumVisualStudioVersion = 10.0.40219.1
Project("{FAE04EC0-301F-11D3-BF4B-00C04F79EFBC}") = "ntwrk-app", "ntwrk-app.csproj", "{2152EBC9-78B9-43F4-B13D-88E94E763F73}"
EndProject
Global
	GlobalSection(SolutionConfigurationPlatforms) = preSolution
		Debug|Any CPU = Debug|Any CPU
		Release|Any CPU = Release|Any CPU
	EndGlobalSection
	GlobalSection(ProjectConfigurationPlatforms) = postSolution
		{2152EBC9-78B9-43F4-B13D-88E94E763F73}.Debug|Any CPU.ActiveCfg = Debug|Any CPU
		{2152EBC9-78B9-43F4-B13D-88E94E763F73}.Debug|Any CPU.Build.0 = Debug|Any CPU
		{2152EBC9-78B9-43F4-B13D-88E94E763F73}.Release|Any CPU.ActiveCfg = Release|Any CPU
		{2152EBC9-78B9-43F4-B13D-88E94E763F73}.Release|Any CPU.Build.0 = Release|Any CPU
	EndGlobalSection
	GlobalSection(SolutionProperties) = preSolution
		HideSolutionNode = FALSE
	EndGlobalSection
	GlobalSection(ExtensibilityGlobals) = postSolution
		SolutionGuid = {55BF9748-3BB2-4C0D-9D4A-E5C92832371C}
	EndGlobalSection
EndGlobal
